
Microsoft Visual Studio Solution File, Format Version 12.00
# Visual Studio Version 17
VisualStudioVersion = 17.3.32929.385
MinimumVisualStudioVersion = 10.0.40219.1
Project("{FAE04EC0-301F-11D3-BF4B-00C04F79EFBC}") = "BudgetCalculator", "BudgetCalculator\BudgetCalculator.csproj", "{1CF949A0-A0B4-4A9D-B9C1-80856507A80B}"
EndProject
Global
	GlobalSection(SolutionConfigurationPlatforms) = preSolution
		Debug|Any CPU = Debug|Any CPU
		Release|Any CPU = Release|Any CPU
	EndGlobalSection
	GlobalSection(ProjectConfigurationPlatforms) = postSolution
		{1CF949A0-A0B4-4A9D-B9C1-80856507A80B}.Debug|Any CPU.ActiveCfg = Debug|Any CPU
		{1CF949A0-A0B4-4A9D-B9C1-80856507A80B}.Debug|Any CPU.Build.0 = Debug|Any CPU
		{1CF949A0-A0B4-4A9D-B9C1-80856507A80B}.Release|Any CPU.ActiveCfg = Release|Any CPU
		{1CF949A0-A0B4-4A9D-B9C1-80856507A80B}.Release|Any CPU.Build.0 = Release|Any CPU
	EndGlobalSection
	GlobalSection(SolutionProperties) = preSolution
		HideSolutionNode = FALSE
	EndGlobalSection
	GlobalSection(ExtensibilityGlobals) = postSolution
		SolutionGuid = {A5F7510D-5F51-4C84-91FA-E0758058BF16}
	EndGlobalSection
EndGlobal
